
Microsoft Visual Studio Solution File, Format Version 12.00
# Visual Studio Version 17
VisualStudioVersion = 17.4.33213.308
MinimumVisualStudioVersion = 10.0.40219.1
Project("{FAE04EC0-301F-11D3-BF4B-00C04F79EFBC}") = "PasswordGenerator.Console", "PasswordGenerator.Console\PasswordGenerator.Console.csproj", "{2EB2DCDE-989B-42D1-8EFB-4EF94621EB3D}"
EndProject
Global
	GlobalSection(SolutionConfigurationPlatforms) = preSolution
		Debug|Any CPU = Debug|Any CPU
		Release|Any CPU = Release|Any CPU
	EndGlobalSection
	GlobalSection(ProjectConfigurationPlatforms) = postSolution
		{2EB2DCDE-989B-42D1-8EFB-4EF94621EB3D}.Debug|Any CPU.ActiveCfg = Debug|Any CPU
		{2EB2DCDE-989B-42D1-8EFB-4EF94621EB3D}.Debug|Any CPU.Build.0 = Debug|Any CPU
		{2EB2DCDE-989B-42D1-8EFB-4EF94621EB3D}.Release|Any CPU.ActiveCfg = Release|Any CPU
		{2EB2DCDE-989B-42D1-8EFB-4EF94621EB3D}.Release|Any CPU.Build.0 = Release|Any CPU
	EndGlobalSection
	GlobalSection(SolutionProperties) = preSolution
		HideSolutionNode = FALSE
	EndGlobalSection
	GlobalSection(ExtensibilityGlobals) = postSolution
		SolutionGuid = {773129E3-B41A-464A-AA01-4ECC19C27689}
	EndGlobalSection
EndGlobal
